
Microsoft Visual Studio Solution File, Format Version 12.00
# Visual Studio Version 16
VisualStudioVersion = 16.0.31019.35
MinimumVisualStudioVersion = 10.0.40219.1
Project("{FAE04EC0-301F-11D3-BF4B-00C04F79EFBC}") = "WpfLab2", "WpfLab2\WpfLab2.csproj", "{9F59FB00-889C-4C39-94CC-6079C9756583}"
EndProject
Global
	GlobalSection(SolutionConfigurationPlatforms) = preSolution
		Debug|Any CPU = Debug|Any CPU
		Release|Any CPU = Release|Any CPU
	EndGlobalSection
	GlobalSection(ProjectConfigurationPlatforms) = postSolution
		{9F59FB00-889C-4C39-94CC-6079C9756583}.Debug|Any CPU.ActiveCfg = Debug|Any CPU
		{9F59FB00-889C-4C39-94CC-6079C9756583}.Debug|Any CPU.Build.0 = Debug|Any CPU
		{9F59FB00-889C-4C39-94CC-6079C9756583}.Release|Any CPU.ActiveCfg = Release|Any CPU
		{9F59FB00-889C-4C39-94CC-6079C9756583}.Release|Any CPU.Build.0 = Release|Any CPU
	EndGlobalSection
	GlobalSection(SolutionProperties) = preSolution
		HideSolutionNode = FALSE
	EndGlobalSection
	GlobalSection(ExtensibilityGlobals) = postSolution
		SolutionGuid = {8EC67D73-FDBA-433B-812B-EC9D1058357D}
	EndGlobalSection
EndGlobal
